<?xml version="1.0" encoding="utf-8"?>
<Project ToolsVersion="4.0" xmlns="http://schemas.microsoft.com/developer/msbuild/2003">
  <ItemGroup>
    <Filter Include="geometry">
      <UniqueIdentifier>{7824413c-4acb-48d5-b282-037f09d3f4e0}</UniqueIdentifier>
    </Filter>
    <Filter Include="image">
      <UniqueIdentifier>{9bd32718-3f50-4388-bcf2-2f0d2797e5b4}</UniqueIdentifier>
    </Filter>
    <Filter Include="main">
      <UniqueIdentifier>{4FC737F1-C7A5-4376-A066-2A32D752A2FF}</UniqueIdentifier>
      <Extensions>cpp;c;cc;cxx;c++;cppm;ixx;def;odl;idl;hpj;bat;asm;asmx</Extensions>
    </Filter>
    <Filter Include="system">
      <UniqueIdentifier>{28485550-da15-40d3-9bc3-56ce8af70459}</UniqueIdentifier>
    </Filter>
    <Filter Include="input">
      <UniqueIdentifier>{9c365271-931e-4c09-9c93-777cbf640f0d}</UniqueIdentifier>
    </Filter>
  </ItemGroup>
  <ItemGroup>
    <ClInclude Include="cpu-core.h">
      <Filter>main</Filter>
    </ClInclude>
    <ClInclude Include="cpu_global.h">
      <Filter>main</Filter>
    </ClInclude>
    <ClInclude Include="pch.h">
      <Filter>main</Filter>
    </ClInclude>
    <ClInclude Include="cpu_thread.h">
      <Filter>system</Filter>
    </ClInclude>
    <ClInclude Include="cpu_time.h">
      <Filter>system</Filter>
    </ClInclude>
    <ClInclude Include="cpu_function.h">
      <Filter>system</Filter>
    </ClInclude>
    <ClInclude Include="cpu_png32.h">
      <Filter>image</Filter>
    </ClInclude>
    <ClInclude Include="cpu_img32.h">
      <Filter>image</Filter>
    </ClInclude>
    <ClInclude Include="cpu_vec3_cmp.h">
      <Filter>geometry</Filter>
    </ClInclude>
    <ClInclude Include="cpu_triangle.h">
      <Filter>geometry</Filter>
    </ClInclude>
    <ClInclude Include="cpu_rectangle.h">
      <Filter>geometry</Filter>
    </ClInclude>
    <ClInclude Include="cpu_ray.h">
      <Filter>geometry</Filter>
    </ClInclude>
    <ClInclude Include="cpu_vertex.h">
      <Filter>geometry</Filter>
    </ClInclude>
    <ClInclude Include="cpu_mesh.h">
      <Filter>geometry</Filter>
    </ClInclude>
    <ClInclude Include="cpu_aabb.h">
      <Filter>geometry</Filter>
    </ClInclude>
    <ClInclude Include="cpu_obb.h">
      <Filter>geometry</Filter>
    </ClInclude>
    <ClInclude Include="cpu_object.h">
      <Filter>system</Filter>
    </ClInclude>
    <ClInclude Include="cpu_atomic.h">
      <Filter>system</Filter>
    </ClInclude>
    <ClInclude Include="cpu_window.h">
      <Filter>system</Filter>
    </ClInclude>
    <ClInclude Include="cpu_sphere.h">
      <Filter>geometry</Filter>
    </ClInclude>
    <ClInclude Include="cpu_transform.h">
      <Filter>geometry</Filter>
    </ClInclude>
    <ClInclude Include="cpu_input.h">
      <Filter>input</Filter>
    </ClInclude>
    <ClInclude Include="cpu_xinput.h">
      <Filter>input</Filter>
    </ClInclude>
    <ClInclude Include="cpu_xinput_state.h">
      <Filter>input</Filter>
    </ClInclude>
    <ClInclude Include="cpu_vinput.h">
      <Filter>input</Filter>
    </ClInclude>
  </ItemGroup>
  <ItemGroup>
    <ClCompile Include="cpu-core.cpp">
      <Filter>main</Filter>
    </ClCompile>
    <ClCompile Include="pch.cpp">
      <Filter>main</Filter>
    </ClCompile>
    <ClCompile Include="cpu_global.cpp">
      <Filter>main</Filter>
    </ClCompile>
    <ClCompile Include="cpu_thread.cpp">
      <Filter>system</Filter>
    </ClCompile>
    <ClCompile Include="cpu_time.cpp">
      <Filter>system</Filter>
    </ClCompile>
    <ClCompile Include="cpu_function.cpp">
      <Filter>system</Filter>
    </ClCompile>
    <ClCompile Include="cpu_png32.cpp">
      <Filter>image</Filter>
    </ClCompile>
    <ClCompile Include="cpu_img32.cpp">
      <Filter>image</Filter>
    </ClCompile>
    <ClCompile Include="cpu_vec3_cmp.cpp">
      <Filter>geometry</Filter>
    </ClCompile>
    <ClCompile Include="cpu_triangle.cpp">
      <Filter>geometry</Filter>
    </ClCompile>
    <ClCompile Include="cpu_rectangle.cpp">
      <Filter>geometry</Filter>
    </ClCompile>
    <ClCompile Include="cpu_ray.cpp">
      <Filter>geometry</Filter>
    </ClCompile>
    <ClCompile Include="cpu_vertex.cpp">
      <Filter>geometry</Filter>
    </ClCompile>
    <ClCompile Include="cpu_mesh.cpp">
      <Filter>geometry</Filter>
    </ClCompile>
    <ClCompile Include="cpu_aabb.cpp">
      <Filter>geometry</Filter>
    </ClCompile>
    <ClCompile Include="cpu_obb.cpp">
      <Filter>geometry</Filter>
    </ClCompile>
    <ClCompile Include="cpu_object.cpp">
      <Filter>system</Filter>
    </ClCompile>
    <ClCompile Include="cpu_atomic.cpp">
      <Filter>system</Filter>
    </ClCompile>
    <ClCompile Include="cpu_window.cpp">
      <Filter>system</Filter>
    </ClCompile>
    <ClCompile Include="cpu_sphere.cpp">
      <Filter>geometry</Filter>
    </ClCompile>
    <ClCompile Include="cpu_transform.cpp">
      <Filter>geometry</Filter>
    </ClCompile>
    <ClCompile Include="cpu_input.cpp">
      <Filter>input</Filter>
    </ClCompile>
    <ClCompile Include="cpu_xinput.cpp">
      <Filter>input</Filter>
    </ClCompile>
    <ClCompile Include="cpu_xinput_state.cpp">
      <Filter>input</Filter>
    </ClCompile>
    <ClCompile Include="cpu_vinput.cpp">
      <Filter>input</Filter>
    </ClCompile>
  </ItemGroup>
</Project>